
Microsoft Visual Studio Solution File, Format Version 12.00
# Visual Studio 15
VisualStudioVersion = 15.0.28010.0
MinimumVisualStudioVersion = 10.0.40219.1
Project("{FAE04EC0-301F-11D3-BF4B-00C04F79EFBC}") = "People.Android", "People\People.Android\People.Android.csproj", "{2A4FFEB6-FD73-437D-816A-56319C484576}"
EndProject
Project("{FAE04EC0-301F-11D3-BF4B-00C04F79EFBC}") = "People.iOS", "People\People.iOS\People.iOS.csproj", "{331B683C-00AB-4B43-997A-2B7161DD7AF3}"
EndProject
Project("{FAE04EC0-301F-11D3-BF4B-00C04F79EFBC}") = "People.UWP", "People\People.UWP\People.UWP.csproj", "{A286B62B-D64E-4D2D-9EFA-E0880B1F7A9C}"
EndProject
Project("{9A19103F-16F7-4668-BE54-9A1E7A4F7556}") = "People", "People\People\People.csproj", "{D972184D-82D2-4F62-B202-CF5BA86AFA90}"
EndProject
Global
	GlobalSection(SolutionConfigurationPlatforms) = preSolution
		Ad-Hoc|Any CPU = Ad-Hoc|Any CPU
		Ad-Hoc|ARM = Ad-Hoc|ARM
		Ad-Hoc|iPhone = Ad-Hoc|iPhone
		Ad-Hoc|iPhoneSimulator = Ad-Hoc|iPhoneSimulator
		Ad-Hoc|x64 = Ad-Hoc|x64
		Ad-Hoc|x86 = Ad-Hoc|x86
		AppStore|Any CPU = AppStore|Any CPU
		AppStore|ARM = AppStore|ARM
		AppStore|iPhone = AppStore|iPhone
		AppStore|iPhoneSimulator = AppStore|iPhoneSimulator
		AppStore|x64 = AppStore|x64
		AppStore|x86 = AppStore|x86
		Debug|Any CPU = Debug|Any CPU
		Debug|ARM = Debug|ARM
		Debug|iPhone = Debug|iPhone
		Debug|iPhoneSimulator = Debug|iPhoneSimulator
		Debug|x64 = Debug|x64
		Debug|x86 = Debug|x86
		Release|Any CPU = Release|Any CPU
		Release|ARM = Release|ARM
		Release|iPhone = Release|iPhone
		Release|iPhoneSimulator = Release|iPhoneSimulator
		Release|x64 = Release|x64
		Release|x86 = Release|x86
	EndGlobalSection
	GlobalSection(ProjectConfigurationPlatforms) = postSolution
		{2A4FFEB6-FD73-437D-816A-56319C484576}.Ad-Hoc|Any CPU.ActiveCfg = Release|Any CPU
		{2A4FFEB6-FD73-437D-816A-56319C484576}.Ad-Hoc|Any CPU.Build.0 = Release|Any CPU
		{2A4FFEB6-FD73-437D-816A-56319C484576}.Ad-Hoc|Any CPU.Deploy.0 = Release|Any CPU
		{2A4FFEB6-FD73-437D-816A-56319C484576}.Ad-Hoc|ARM.ActiveCfg = Release|Any CPU
		{2A4FFEB6-FD73-437D-816A-56319C484576}.Ad-Hoc|ARM.Build.0 = Release|Any CPU
		{2A4FFEB6-FD73-437D-816A-56319C484576}.Ad-Hoc|ARM.Deploy.0 = Release|Any CPU
		{2A4FFEB6-FD73-437D-816A-56319C484576}.Ad-Hoc|iPhone.ActiveCfg = Release|Any CPU
		{2A4FFEB6-FD73-437D-816A-56319C484576}.Ad-Hoc|iPhone.Build.0 = Release|Any CPU
		{2A4FFEB6-FD73-437D-816A-56319C484576}.Ad-Hoc|iPhoneSimulator.ActiveCfg = Release|Any CPU
		{2A4FFEB6-FD73-437D-816A-56319C484576}.Ad-Hoc|iPhoneSimulator.Build.0 = Release|Any CPU
		{2A4FFEB6-FD73-437D-816A-56319C484576}.Ad-Hoc|iPhoneSimulator.Deploy.0 = Release|Any CPU
		{2A4FFEB6-FD73-437D-816A-56319C484576}.Ad-Hoc|x64.ActiveCfg = Release|Any CPU
		{2A4FFEB6-FD73-437D-816A-56319C484576}.Ad-Hoc|x64.Build.0 = Release|Any CPU
		{2A4FFEB6-FD73-437D-816A-56319C484576}.Ad-Hoc|x64.Deploy.0 = Release|Any CPU
		{2A4FFEB6-FD73-437D-816A-56319C484576}.Ad-Hoc|x86.ActiveCfg = Release|Any CPU
		{2A4FFEB6-FD73-437D-816A-56319C484576}.Ad-Hoc|x86.Build.0 = Release|Any CPU
		{2A4FFEB6-FD73-437D-816A-56319C484576}.AppStore|Any CPU.ActiveCfg = Release|Any CPU
		{2A4FFEB6-FD73-437D-816A-56319C484576}.AppStore|Any CPU.Build.0 = Release|Any CPU
		{2A4FFEB6-FD73-437D-816A-56319C484576}.AppStore|Any CPU.Deploy.0 = Release|Any CPU
		{2A4FFEB6-FD73-437D-816A-56319C484576}.AppStore|ARM.ActiveCfg = Release|Any CPU
		{2A4FFEB6-FD73-437D-816A-56319C484576}.AppStore|ARM.Build.0 = Release|Any CPU
		{2A4FFEB6-FD73-437D-816A-56319C484576}.AppStore|ARM.Deploy.0 = Release|Any CPU
		{2A4FFEB6-FD73-437D-816A-56319C484576}.AppStore|iPhone.ActiveCfg = Release|Any CPU
		{2A4FFEB6-FD73-437D-816A-56319C484576}.AppStore|iPhone.Build.0 = Release|Any CPU
		{2A4FFEB6-FD73-437D-816A-56319C484576}.AppStore|iPhoneSimulator.ActiveCfg = Release|Any CPU
		{2A4FFEB6-FD73-437D-816A-56319C484576}.AppStore|iPhoneSimulator.Build.0 = Release|Any CPU
		{2A4FFEB6-FD73-437D-816A-56319C484576}.AppStore|iPhoneSimulator.Deploy.0 = Release|Any CPU
		{2A4FFEB6-FD73-437D-816A-56319C484576}.AppStore|x64.ActiveCfg = Release|Any CPU
		{2A4FFEB6-FD73-437D-816A-56319C484576}.AppStore|x64.Build.0 = Release|Any CPU
		{2A4FFEB6-FD73-437D-816A-56319C484576}.AppStore|x64.Deploy.0 = Release|Any CPU
		{2A4FFEB6-FD73-437D-816A-56319C484576}.AppStore|x86.ActiveCfg = Release|Any CPU
		{2A4FFEB6-FD73-437D-816A-56319C484576}.AppStore|x86.Build.0 = Release|Any CPU
		{2A4FFEB6-FD73-437D-816A-56319C484576}.Debug|Any CPU.ActiveCfg = Debug|Any CPU
		{2A4FFEB6-FD73-437D-816A-56319C484576}.Debug|Any CPU.Build.0 = Debug|Any CPU
		{2A4FFEB6-FD73-437D-816A-56319C484576}.Debug|Any CPU.Deploy.0 = Debug|Any CPU
		{2A4FFEB6-FD73-437D-816A-56319C484576}.Debug|ARM.ActiveCfg = Debug|Any CPU
		{2A4FFEB6-FD73-437D-816A-56319C484576}.Debug|ARM.Build.0 = Debug|Any CPU
		{2A4FFEB6-FD73-437D-816A-56319C484576}.Debug|ARM.Deploy.0 = Debug|Any CPU
		{2A4FFEB6-FD73-437D-816A-56319C484576}.Debug|iPhone.ActiveCfg = Debug|Any CPU
		{2A4FFEB6-FD73-437D-816A-56319C484576}.Debug|iPhone.Build.0 = Debug|Any CPU
		{2A4FFEB6-FD73-437D-816A-56319C484576}.Debug|iPhoneSimulator.ActiveCfg = Debug|Any CPU
		{2A4FFEB6-FD73-437D-816A-56319C484576}.Debug|iPhoneSimulator.Build.0 = Debug|Any CPU
		{2A4FFEB6-FD73-437D-816A-56319C484576}.Debug|iPhoneSimulator.Deploy.0 = Debug|Any CPU
		{2A4FFEB6-FD73-437D-816A-56319C484576}.Debug|x64.ActiveCfg = Debug|Any CPU
		{2A4FFEB6-FD73-437D-816A-56319C484576}.Debug|x64.Build.0 = Debug|Any CPU
		{2A4FFEB6-FD73-437D-816A-56319C484576}.Debug|x64.Deploy.0 = Debug|Any CPU
		{2A4FFEB6-FD73-437D-816A-56319C484576}.Debug|x86.ActiveCfg = Debug|Any CPU
		{2A4FFEB6-FD73-437D-816A-56319C484576}.Debug|x86.Build.0 = Debug|Any CPU
		{2A4FFEB6-FD73-437D-816A-56319C484576}.Release|Any CPU.ActiveCfg = Release|Any CPU
		{2A4FFEB6-FD73-437D-816A-56319C484576}.Release|Any CPU.Build.0 = Release|Any CPU
		{2A4FFEB6-FD73-437D-816A-56319C484576}.Release|Any CPU.Deploy.0 = Release|Any CPU
		{2A4FFEB6-FD73-437D-816A-56319C484576}.Release|ARM.ActiveCfg = Release|Any CPU
		{2A4FFEB6-FD73-437D-816A-56319C484576}.Release|ARM.Build.0 = Release|Any CPU
		{2A4FFEB6-FD73-437D-816A-56319C484576}.Release|ARM.Deploy.0 = Release|Any CPU
		{2A4FFEB6-FD73-437D-816A-56319C484576}.Release|iPhone.ActiveCfg = Release|Any CPU
		{2A4FFEB6-FD73-437D-816A-56319C484576}.Release|iPhone.Build.0 = Release|Any CPU
		{2A4FFEB6-FD73-437D-816A-56319C484576}.Release|iPhoneSimulator.ActiveCfg = Release|Any CPU
		{2A4FFEB6-FD73-437D-816A-56319C484576}.Release|iPhoneSimulator.Build.0 = Release|Any CPU
		{2A4FFEB6-FD73-437D-816A-56319C484576}.Release|iPhoneSimulator.Deploy.0 = Release|Any CPU
		{2A4FFEB6-FD73-437D-816A-56319C484576}.Release|x64.ActiveCfg = Release|Any CPU
		{2A4FFEB6-FD73-437D-816A-56319C484576}.Release|x64.Build.0 = Release|Any CPU
		{2A4FFEB6-FD73-437D-816A-56319C484576}.Release|x64.Deploy.0 = Release|Any CPU
		{2A4FFEB6-FD73-437D-816A-56319C484576}.Release|x86.ActiveCfg = Release|Any CPU
		{2A4FFEB6-FD73-437D-816A-56319C484576}.Release|x86.Build.0 = Release|Any CPU
		{331B683C-00AB-4B43-997A-2B7161DD7AF3}.Ad-Hoc|Any CPU.ActiveCfg = Ad-Hoc|iPhone
		{331B683C-00AB-4B43-997A-2B7161DD7AF3}.Ad-Hoc|Any CPU.Build.0 = Ad-Hoc|iPhone
		{331B683C-00AB-4B43-997A-2B7161DD7AF3}.Ad-Hoc|Any CPU.Deploy.0 = Ad-Hoc|iPhone
		{331B683C-00AB-4B43-997A-2B7161DD7AF3}.Ad-Hoc|ARM.ActiveCfg = Ad-Hoc|iPhone
		{331B683C-00AB-4B43-997A-2B7161DD7AF3}.Ad-Hoc|ARM.Build.0 = Ad-Hoc|iPhone
		{331B683C-00AB-4B43-997A-2B7161DD7AF3}.Ad-Hoc|ARM.Deploy.0 = Ad-Hoc|iPhone
		{331B683C-00AB-4B43-997A-2B7161DD7AF3}.Ad-Hoc|iPhone.ActiveCfg = Ad-Hoc|iPhone
		{331B683C-00AB-4B43-997A-2B7161DD7AF3}.Ad-Hoc|iPhone.Build.0 = Ad-Hoc|iPhone
		{331B683C-00AB-4B43-997A-2B7161DD7AF3}.Ad-Hoc|iPhone.Deploy.0 = Ad-Hoc|iPhone
		{331B683C-00AB-4B43-997A-2B7161DD7AF3}.Ad-Hoc|iPhoneSimulator.ActiveCfg = Ad-Hoc|iPhoneSimulator
		{331B683C-00AB-4B43-997A-2B7161DD7AF3}.Ad-Hoc|iPhoneSimulator.Build.0 = Ad-Hoc|iPhoneSimulator
		{331B683C-00AB-4B43-997A-2B7161DD7AF3}.Ad-Hoc|iPhoneSimulator.Deploy.0 = Ad-Hoc|iPhoneSimulator
		{331B683C-00AB-4B43-997A-2B7161DD7AF3}.Ad-Hoc|x64.ActiveCfg = Ad-Hoc|iPhone
		{331B683C-00AB-4B43-997A-2B7161DD7AF3}.Ad-Hoc|x64.Build.0 = Ad-Hoc|iPhone
		{331B683C-00AB-4B43-997A-2B7161DD7AF3}.Ad-Hoc|x64.Deploy.0 = Ad-Hoc|iPhone
		{331B683C-00AB-4B43-997A-2B7161DD7AF3}.Ad-Hoc|x86.ActiveCfg = Ad-Hoc|iPhone
		{331B683C-00AB-4B43-997A-2B7161DD7AF3}.Ad-Hoc|x86.Build.0 = Ad-Hoc|iPhone
		{331B683C-00AB-4B43-997A-2B7161DD7AF3}.Ad-Hoc|x86.Deploy.0 = Ad-Hoc|iPhone
		{331B683C-00AB-4B43-997A-2B7161DD7AF3}.AppStore|Any CPU.ActiveCfg = AppStore|iPhone
		{331B683C-00AB-4B43-997A-2B7161DD7AF3}.AppStore|Any CPU.Build.0 = AppStore|iPhone
		{331B683C-00AB-4B43-997A-2B7161DD7AF3}.AppStore|Any CPU.Deploy.0 = AppStore|iPhone
		{331B683C-00AB-4B43-997A-2B7161DD7AF3}.AppStore|ARM.ActiveCfg = AppStore|iPhone
		{331B683C-00AB-4B43-997A-2B7161DD7AF3}.AppStore|ARM.Build.0 = AppStore|iPhone
		{331B683C-00AB-4B43-997A-2B7161DD7AF3}.AppStore|ARM.Deploy.0 = AppStore|iPhone
		{331B683C-00AB-4B43-997A-2B7161DD7AF3}.AppStore|iPhone.ActiveCfg = AppStore|iPhone
		{331B683C-00AB-4B43-997A-2B7161DD7AF3}.AppStore|iPhone.Build.0 = AppStore|iPhone
		{331B683C-00AB-4B43-997A-2B7161DD7AF3}.AppStore|iPhone.Deploy.0 = AppStore|iPhone
		{331B683C-00AB-4B43-997A-2B7161DD7AF3}.AppStore|iPhoneSimulator.ActiveCfg = AppStore|iPhoneSimulator
		{331B683C-00AB-4B43-997A-2B7161DD7AF3}.AppStore|iPhoneSimulator.Build.0 = AppStore|iPhoneSimulator
		{331B683C-00AB-4B43-997A-2B7161DD7AF3}.AppStore|iPhoneSimulator.Deploy.0 = AppStore|iPhoneSimulator
		{331B683C-00AB-4B43-997A-2B7161DD7AF3}.AppStore|x64.ActiveCfg = AppStore|iPhone
		{331B683C-00AB-4B43-997A-2B7161DD7AF3}.AppStore|x64.Build.0 = AppStore|iPhone
		{331B683C-00AB-4B43-997A-2B7161DD7AF3}.AppStore|x64.Deploy.0 = AppStore|iPhone
		{331B683C-00AB-4B43-997A-2B7161DD7AF3}.AppStore|x86.ActiveCfg = AppStore|iPhone
		{331B683C-00AB-4B43-997A-2B7161DD7AF3}.AppStore|x86.Build.0 = AppStore|iPhone
		{331B683C-00AB-4B43-997A-2B7161DD7AF3}.AppStore|x86.Deploy.0 = AppStore|iPhone
		{331B683C-00AB-4B43-997A-2B7161DD7AF3}.Debug|Any CPU.ActiveCfg = Debug|iPhoneSimulator
		{331B683C-00AB-4B43-997A-2B7161DD7AF3}.Debug|Any CPU.Build.0 = Debug|iPhoneSimulator
		{331B683C-00AB-4B43-997A-2B7161DD7AF3}.Debug|Any CPU.Deploy.0 = Debug|iPhoneSimulator
		{331B683C-00AB-4B43-997A-2B7161DD7AF3}.Debug|ARM.ActiveCfg = Debug|iPhone
		{331B683C-00AB-4B43-997A-2B7161DD7AF3}.Debug|ARM.Build.0 = Debug|iPhone
		{331B683C-00AB-4B43-997A-2B7161DD7AF3}.Debug|ARM.Deploy.0 = Debug|iPhone
		{331B683C-00AB-4B43-997A-2B7161DD7AF3}.Debug|iPhone.ActiveCfg = Debug|iPhone
		{331B683C-00AB-4B43-997A-2B7161DD7AF3}.Debug|iPhone.Build.0 = Debug|iPhone
		{331B683C-00AB-4B43-997A-2B7161DD7AF3}.Debug|iPhone.Deploy.0 = Debug|iPhone
		{331B683C-00AB-4B43-997A-2B7161DD7AF3}.Debug|iPhoneSimulator.ActiveCfg = Debug|iPhoneSimulator
		{331B683C-00AB-4B43-997A-2B7161DD7AF3}.Debug|iPhoneSimulator.Build.0 = Debug|iPhoneSimulator
		{331B683C-00AB-4B43-997A-2B7161DD7AF3}.Debug|iPhoneSimulator.Deploy.0 = Debug|iPhoneSimulator
		{331B683C-00AB-4B43-997A-2B7161DD7AF3}.Debug|x64.ActiveCfg = Debug|iPhone
		{331B683C-00AB-4B43-997A-2B7161DD7AF3}.Debug|x64.Build.0 = Debug|iPhone
		{331B683C-00AB-4B43-997A-2B7161DD7AF3}.Debug|x64.Deploy.0 = Debug|iPhone
		{331B683C-00AB-4B43-997A-2B7161DD7AF3}.Debug|x86.ActiveCfg = Debug|iPhone
		{331B683C-00AB-4B43-997A-2B7161DD7AF3}.Debug|x86.Build.0 = Debug|iPhone
		{331B683C-00AB-4B43-997A-2B7161DD7AF3}.Debug|x86.Deploy.0 = Debug|iPhone
		{331B683C-00AB-4B43-997A-2B7161DD7AF3}.Release|Any CPU.ActiveCfg = Release|iPhone
		{331B683C-00AB-4B43-997A-2B7161DD7AF3}.Release|Any CPU.Build.0 = Release|iPhone
		{331B683C-00AB-4B43-997A-2B7161DD7AF3}.Release|Any CPU.Deploy.0 = Release|iPhone
		{331B683C-00AB-4B43-997A-2B7161DD7AF3}.Release|ARM.ActiveCfg = Release|iPhone
		{331B683C-00AB-4B43-997A-2B7161DD7AF3}.Release|ARM.Build.0 = Release|iPhone
		{331B683C-00AB-4B43-997A-2B7161DD7AF3}.Release|ARM.Deploy.0 = Release|iPhone
		{331B683C-00AB-4B43-997A-2B7161DD7AF3}.Release|iPhone.ActiveCfg = Release|iPhone
		{331B683C-00AB-4B43-997A-2B7161DD7AF3}.Release|iPhone.Build.0 = Release|iPhone
		{331B683C-00AB-4B43-997A-2B7161DD7AF3}.Release|iPhone.Deploy.0 = Release|iPhone
		{331B683C-00AB-4B43-997A-2B7161DD7AF3}.Release|iPhoneSimulator.ActiveCfg = Release|iPhoneSimulator
		{331B683C-00AB-4B43-997A-2B7161DD7AF3}.Release|iPhoneSimulator.Build.0 = Release|iPhoneSimulator
		{331B683C-00AB-4B43-997A-2B7161DD7AF3}.Release|iPhoneSimulator.Deploy.0 = Release|iPhoneSimulator
		{331B683C-00AB-4B43-997A-2B7161DD7AF3}.Release|x64.ActiveCfg = Release|iPhone
		{331B683C-00AB-4B43-997A-2B7161DD7AF3}.Release|x64.Build.0 = Release|iPhone
		{331B683C-00AB-4B43-997A-2B7161DD7AF3}.Release|x64.Deploy.0 = Release|iPhone
		{331B683C-00AB-4B43-997A-2B7161DD7AF3}.Release|x86.ActiveCfg = Release|iPhone
		{331B683C-00AB-4B43-997A-2B7161DD7AF3}.Release|x86.Build.0 = Release|iPhone
		{331B683C-00AB-4B43-997A-2B7161DD7AF3}.Release|x86.Deploy.0 = Release|iPhone
		{A286B62B-D64E-4D2D-9EFA-E0880B1F7A9C}.Ad-Hoc|Any CPU.ActiveCfg = Release|x86
		{A286B62B-D64E-4D2D-9EFA-E0880B1F7A9C}.Ad-Hoc|Any CPU.Build.0 = Release|x86
		{A286B62B-D64E-4D2D-9EFA-E0880B1F7A9C}.Ad-Hoc|ARM.ActiveCfg = Release|ARM
		{A286B62B-D64E-4D2D-9EFA-E0880B1F7A9C}.Ad-Hoc|ARM.Build.0 = Release|ARM
		{A286B62B-D64E-4D2D-9EFA-E0880B1F7A9C}.Ad-Hoc|ARM.Deploy.0 = Release|ARM
		{A286B62B-D64E-4D2D-9EFA-E0880B1F7A9C}.Ad-Hoc|iPhone.ActiveCfg = Release|x86
		{A286B62B-D64E-4D2D-9EFA-E0880B1F7A9C}.Ad-Hoc|iPhone.Build.0 = Release|x86
		{A286B62B-D64E-4D2D-9EFA-E0880B1F7A9C}.Ad-Hoc|iPhoneSimulator.ActiveCfg = Release|x86
		{A286B62B-D64E-4D2D-9EFA-E0880B1F7A9C}.Ad-Hoc|iPhoneSimulator.Build.0 = Release|x86
		{A286B62B-D64E-4D2D-9EFA-E0880B1F7A9C}.Ad-Hoc|iPhoneSimulator.Deploy.0 = Release|x86
		{A286B62B-D64E-4D2D-9EFA-E0880B1F7A9C}.Ad-Hoc|x64.ActiveCfg = Release|x64
		{A286B62B-D64E-4D2D-9EFA-E0880B1F7A9C}.Ad-Hoc|x64.Build.0 = Release|x64
		{A286B62B-D64E-4D2D-9EFA-E0880B1F7A9C}.Ad-Hoc|x64.Deploy.0 = Release|x64
		{A286B62B-D64E-4D2D-9EFA-E0880B1F7A9C}.Ad-Hoc|x86.ActiveCfg = Release|x86
		{A286B62B-D64E-4D2D-9EFA-E0880B1F7A9C}.Ad-Hoc|x86.Build.0 = Release|x86
		{A286B62B-D64E-4D2D-9EFA-E0880B1F7A9C}.Ad-Hoc|x86.Deploy.0 = Release|x86
		{A286B62B-D64E-4D2D-9EFA-E0880B1F7A9C}.AppStore|Any CPU.ActiveCfg = Release|x86
		{A286B62B-D64E-4D2D-9EFA-E0880B1F7A9C}.AppStore|Any CPU.Build.0 = Release|x86
		{A286B62B-D64E-4D2D-9EFA-E0880B1F7A9C}.AppStore|ARM.ActiveCfg = Release|ARM
		{A286B62B-D64E-4D2D-9EFA-E0880B1F7A9C}.AppStore|ARM.Build.0 = Release|ARM
		{A286B62B-D64E-4D2D-9EFA-E0880B1F7A9C}.AppStore|ARM.Deploy.0 = Release|ARM
		{A286B62B-D64E-4D2D-9EFA-E0880B1F7A9C}.AppStore|iPhone.ActiveCfg = Release|x86
		{A286B62B-D64E-4D2D-9EFA-E0880B1F7A9C}.AppStore|iPhone.Build.0 = Release|x86
		{A286B62B-D64E-4D2D-9EFA-E0880B1F7A9C}.AppStore|iPhoneSimulator.ActiveCfg = Release|x86
		{A286B62B-D64E-4D2D-9EFA-E0880B1F7A9C}.AppStore|iPhoneSimulator.Build.0 = Release|x86
		{A286B62B-D64E-4D2D-9EFA-E0880B1F7A9C}.AppStore|iPhoneSimulator.Deploy.0 = Release|x86
		{A286B62B-D64E-4D2D-9EFA-E0880B1F7A9C}.AppStore|x64.ActiveCfg = Release|x64
		{A286B62B-D64E-4D2D-9EFA-E0880B1F7A9C}.AppStore|x64.Build.0 = Release|x64
		{A286B62B-D64E-4D2D-9EFA-E0880B1F7A9C}.AppStore|x64.Deploy.0 = Release|x64
		{A286B62B-D64E-4D2D-9EFA-E0880B1F7A9C}.AppStore|x86.ActiveCfg = Release|x86
		{A286B62B-D64E-4D2D-9EFA-E0880B1F7A9C}.AppStore|x86.Build.0 = Release|x86
		{A286B62B-D64E-4D2D-9EFA-E0880B1F7A9C}.AppStore|x86.Deploy.0 = Release|x86
		{A286B62B-D64E-4D2D-9EFA-E0880B1F7A9C}.Debug|Any CPU.ActiveCfg = Debug|x86
		{A286B62B-D64E-4D2D-9EFA-E0880B1F7A9C}.Debug|Any CPU.Build.0 = Debug|x86
		{A286B62B-D64E-4D2D-9EFA-E0880B1F7A9C}.Debug|ARM.ActiveCfg = Debug|ARM
		{A286B62B-D64E-4D2D-9EFA-E0880B1F7A9C}.Debug|ARM.Build.0 = Debug|ARM
		{A286B62B-D64E-4D2D-9EFA-E0880B1F7A9C}.Debug|ARM.Deploy.0 = Debug|ARM
		{A286B62B-D64E-4D2D-9EFA-E0880B1F7A9C}.Debug|iPhone.ActiveCfg = Debug|x86
		{A286B62B-D64E-4D2D-9EFA-E0880B1F7A9C}.Debug|iPhone.Build.0 = Debug|x86
		{A286B62B-D64E-4D2D-9EFA-E0880B1F7A9C}.Debug|iPhoneSimulator.ActiveCfg = Debug|x86
		{A286B62B-D64E-4D2D-9EFA-E0880B1F7A9C}.Debug|iPhoneSimulator.Build.0 = Debug|x86
		{A286B62B-D64E-4D2D-9EFA-E0880B1F7A9C}.Debug|iPhoneSimulator.Deploy.0 = Debug|x86
		{A286B62B-D64E-4D2D-9EFA-E0880B1F7A9C}.Debug|x64.ActiveCfg = Debug|x64
		{A286B62B-D64E-4D2D-9EFA-E0880B1F7A9C}.Debug|x64.Build.0 = Debug|x64
		{A286B62B-D64E-4D2D-9EFA-E0880B1F7A9C}.Debug|x64.Deploy.0 = Debug|x64
		{A286B62B-D64E-4D2D-9EFA-E0880B1F7A9C}.Debug|x86.ActiveCfg = Debug|x86
		{A286B62B-D64E-4D2D-9EFA-E0880B1F7A9C}.Debug|x86.Build.0 = Debug|x86
		{A286B62B-D64E-4D2D-9EFA-E0880B1F7A9C}.Debug|x86.Deploy.0 = Debug|x86
		{A286B62B-D64E-4D2D-9EFA-E0880B1F7A9C}.Release|Any CPU.ActiveCfg = Release|x86
		{A286B62B-D64E-4D2D-9EFA-E0880B1F7A9C}.Release|Any CPU.Build.0 = Release|x86
		{A286B62B-D64E-4D2D-9EFA-E0880B1F7A9C}.Release|ARM.ActiveCfg = Release|ARM
		{A286B62B-D64E-4D2D-9EFA-E0880B1F7A9C}.Release|ARM.Build.0 = Release|ARM
		{A286B62B-D64E-4D2D-9EFA-E0880B1F7A9C}.Release|ARM.Deploy.0 = Release|ARM
		{A286B62B-D64E-4D2D-9EFA-E0880B1F7A9C}.Release|iPhone.ActiveCfg = Release|x86
		{A286B62B-D64E-4D2D-9EFA-E0880B1F7A9C}.Release|iPhone.Build.0 = Release|x86
		{A286B62B-D64E-4D2D-9EFA-E0880B1F7A9C}.Release|iPhoneSimulator.ActiveCfg = Release|x86
		{A286B62B-D64E-4D2D-9EFA-E0880B1F7A9C}.Release|iPhoneSimulator.Build.0 = Release|x86
		{A286B62B-D64E-4D2D-9EFA-E0880B1F7A9C}.Release|iPhoneSimulator.Deploy.0 = Release|x86
		{A286B62B-D64E-4D2D-9EFA-E0880B1F7A9C}.Release|x64.ActiveCfg = Release|x64
		{A286B62B-D64E-4D2D-9EFA-E0880B1F7A9C}.Release|x64.Build.0 = Release|x64
		{A286B62B-D64E-4D2D-9EFA-E0880B1F7A9C}.Release|x64.Deploy.0 = Release|x64
		{A286B62B-D64E-4D2D-9EFA-E0880B1F7A9C}.Release|x86.ActiveCfg = Release|x86
		{A286B62B-D64E-4D2D-9EFA-E0880B1F7A9C}.Release|x86.Build.0 = Release|x86
		{A286B62B-D64E-4D2D-9EFA-E0880B1F7A9C}.Release|x86.Deploy.0 = Release|x86
		{D972184D-82D2-4F62-B202-CF5BA86AFA90}.Ad-Hoc|Any CPU.ActiveCfg = Debug|Any CPU
		{D972184D-82D2-4F62-B202-CF5BA86AFA90}.Ad-Hoc|Any CPU.Build.0 = Debug|Any CPU
		{D972184D-82D2-4F62-B202-CF5BA86AFA90}.Ad-Hoc|Any CPU.Deploy.0 = Debug|Any CPU
		{D972184D-82D2-4F62-B202-CF5BA86AFA90}.Ad-Hoc|ARM.ActiveCfg = Debug|Any CPU
		{D972184D-82D2-4F62-B202-CF5BA86AFA90}.Ad-Hoc|ARM.Build.0 = Debug|Any CPU
		{D972184D-82D2-4F62-B202-CF5BA86AFA90}.Ad-Hoc|ARM.Deploy.0 = Debug|Any CPU
		{D972184D-82D2-4F62-B202-CF5BA86AFA90}.Ad-Hoc|iPhone.ActiveCfg = Debug|Any CPU
		{D972184D-82D2-4F62-B202-CF5BA86AFA90}.Ad-Hoc|iPhone.Build.0 = Debug|Any CPU
		{D972184D-82D2-4F62-B202-CF5BA86AFA90}.Ad-Hoc|iPhone.Deploy.0 = Debug|Any CPU
		{D972184D-82D2-4F62-B202-CF5BA86AFA90}.Ad-Hoc|iPhoneSimulator.ActiveCfg = Debug|Any CPU
		{D972184D-82D2-4F62-B202-CF5BA86AFA90}.Ad-Hoc|iPhoneSimulator.Build.0 = Debug|Any CPU
		{D972184D-82D2-4F62-B202-CF5BA86AFA90}.Ad-Hoc|iPhoneSimulator.Deploy.0 = Debug|Any CPU
		{D972184D-82D2-4F62-B202-CF5BA86AFA90}.Ad-Hoc|x64.ActiveCfg = Debug|Any CPU
		{D972184D-82D2-4F62-B202-CF5BA86AFA90}.Ad-Hoc|x64.Build.0 = Debug|Any CPU
		{D972184D-82D2-4F62-B202-CF5BA86AFA90}.Ad-Hoc|x64.Deploy.0 = Debug|Any CPU
		{D972184D-82D2-4F62-B202-CF5BA86AFA90}.Ad-Hoc|x86.ActiveCfg = Debug|Any CPU
		{D972184D-82D2-4F62-B202-CF5BA86AFA90}.Ad-Hoc|x86.Build.0 = Debug|Any CPU
		{D972184D-82D2-4F62-B202-CF5BA86AFA90}.Ad-Hoc|x86.Deploy.0 = Debug|Any CPU
		{D972184D-82D2-4F62-B202-CF5BA86AFA90}.AppStore|Any CPU.ActiveCfg = Debug|Any CPU
		{D972184D-82D2-4F62-B202-CF5BA86AFA90}.AppStore|Any CPU.Build.0 = Debug|Any CPU
		{D972184D-82D2-4F62-B202-CF5BA86AFA90}.AppStore|Any CPU.Deploy.0 = Debug|Any CPU
		{D972184D-82D2-4F62-B202-CF5BA86AFA90}.AppStore|ARM.ActiveCfg = Debug|Any CPU
		{D972184D-82D2-4F62-B202-CF5BA86AFA90}.AppStore|ARM.Build.0 = Debug|Any CPU
		{D972184D-82D2-4F62-B202-CF5BA86AFA90}.AppStore|ARM.Deploy.0 = Debug|Any CPU
		{D972184D-82D2-4F62-B202-CF5BA86AFA90}.AppStore|iPhone.ActiveCfg = Debug|Any CPU
		{D972184D-82D2-4F62-B202-CF5BA86AFA90}.AppStore|iPhone.Build.0 = Debug|Any CPU
		{D972184D-82D2-4F62-B202-CF5BA86AFA90}.AppStore|iPhone.Deploy.0 = Debug|Any CPU
		{D972184D-82D2-4F62-B202-CF5BA86AFA90}.AppStore|iPhoneSimulator.ActiveCfg = Debug|Any CPU
		{D972184D-82D2-4F62-B202-CF5BA86AFA90}.AppStore|iPhoneSimulator.Build.0 = Debug|Any CPU
		{D972184D-82D2-4F62-B202-CF5BA86AFA90}.AppStore|iPhoneSimulator.Deploy.0 = Debug|Any CPU
		{D972184D-82D2-4F62-B202-CF5BA86AFA90}.AppStore|x64.ActiveCfg = Debug|Any CPU
		{D972184D-82D2-4F62-B202-CF5BA86AFA90}.AppStore|x64.Build.0 = Debug|Any CPU
		{D972184D-82D2-4F62-B202-CF5BA86AFA90}.AppStore|x64.Deploy.0 = Debug|Any CPU
		{D972184D-82D2-4F62-B202-CF5BA86AFA90}.AppStore|x86.ActiveCfg = Debug|Any CPU
		{D972184D-82D2-4F62-B202-CF5BA86AFA90}.AppStore|x86.Build.0 = Debug|Any CPU
		{D972184D-82D2-4F62-B202-CF5BA86AFA90}.AppStore|x86.Deploy.0 = Debug|Any CPU
		{D972184D-82D2-4F62-B202-CF5BA86AFA90}.Debug|Any CPU.ActiveCfg = Debug|Any CPU
		{D972184D-82D2-4F62-B202-CF5BA86AFA90}.Debug|Any CPU.Build.0 = Debug|Any CPU
		{D972184D-82D2-4F62-B202-CF5BA86AFA90}.Debug|Any CPU.Deploy.0 = Debug|Any CPU
		{D972184D-82D2-4F62-B202-CF5BA86AFA90}.Debug|ARM.ActiveCfg = Debug|Any CPU
		{D972184D-82D2-4F62-B202-CF5BA86AFA90}.Debug|ARM.Build.0 = Debug|Any CPU
		{D972184D-82D2-4F62-B202-CF5BA86AFA90}.Debug|ARM.Deploy.0 = Debug|Any CPU
		{D972184D-82D2-4F62-B202-CF5BA86AFA90}.Debug|iPhone.ActiveCfg = Debug|Any CPU
		{D972184D-82D2-4F62-B202-CF5BA86AFA90}.Debug|iPhone.Build.0 = Debug|Any CPU
		{D972184D-82D2-4F62-B202-CF5BA86AFA90}.Debug|iPhone.Deploy.0 = Debug|Any CPU
		{D972184D-82D2-4F62-B202-CF5BA86AFA90}.Debug|iPhoneSimulator.ActiveCfg = Debug|Any CPU
		{D972184D-82D2-4F62-B202-CF5BA86AFA90}.Debug|iPhoneSimulator.Build.0 = Debug|Any CPU
		{D972184D-82D2-4F62-B202-CF5BA86AFA90}.Debug|iPhoneSimulator.Deploy.0 = Debug|Any CPU
		{D972184D-82D2-4F62-B202-CF5BA86AFA90}.Debug|x64.ActiveCfg = Debug|Any CPU
		{D972184D-82D2-4F62-B202-CF5BA86AFA90}.Debug|x64.Build.0 = Debug|Any CPU
		{D972184D-82D2-4F62-B202-CF5BA86AFA90}.Debug|x64.Deploy.0 = Debug|Any CPU
		{D972184D-82D2-4F62-B202-CF5BA86AFA90}.Debug|x86.ActiveCfg = Debug|Any CPU
		{D972184D-82D2-4F62-B202-CF5BA86AFA90}.Debug|x86.Build.0 = Debug|Any CPU
		{D972184D-82D2-4F62-B202-CF5BA86AFA90}.Debug|x86.Deploy.0 = Debug|Any CPU
		{D972184D-82D2-4F62-B202-CF5BA86AFA90}.Release|Any CPU.ActiveCfg = Release|Any CPU
		{D972184D-82D2-4F62-B202-CF5BA86AFA90}.Release|Any CPU.Build.0 = Release|Any CPU
		{D972184D-82D2-4F62-B202-CF5BA86AFA90}.Release|Any CPU.Deploy.0 = Release|Any CPU
		{D972184D-82D2-4F62-B202-CF5BA86AFA90}.Release|ARM.ActiveCfg = Release|Any CPU
		{D972184D-82D2-4F62-B202-CF5BA86AFA90}.Release|ARM.Build.0 = Release|Any CPU
		{D972184D-82D2-4F62-B202-CF5BA86AFA90}.Release|ARM.Deploy.0 = Release|Any CPU
		{D972184D-82D2-4F62-B202-CF5BA86AFA90}.Release|iPhone.ActiveCfg = Release|Any CPU
		{D972184D-82D2-4F62-B202-CF5BA86AFA90}.Release|iPhone.Build.0 = Release|Any CPU
		{D972184D-82D2-4F62-B202-CF5BA86AFA90}.Release|iPhone.Deploy.0 = Release|Any CPU
		{D972184D-82D2-4F62-B202-CF5BA86AFA90}.Release|iPhoneSimulator.ActiveCfg = Release|Any CPU
		{D972184D-82D2-4F62-B202-CF5BA86AFA90}.Release|iPhoneSimulator.Build.0 = Release|Any CPU
		{D972184D-82D2-4F62-B202-CF5BA86AFA90}.Release|iPhoneSimulator.Deploy.0 = Release|Any CPU
		{D972184D-82D2-4F62-B202-CF5BA86AFA90}.Release|x64.ActiveCfg = Release|Any CPU
		{D972184D-82D2-4F62-B202-CF5BA86AFA90}.Release|x64.Build.0 = Release|Any CPU
		{D972184D-82D2-4F62-B202-CF5BA86AFA90}.Release|x64.Deploy.0 = Release|Any CPU
		{D972184D-82D2-4F62-B202-CF5BA86AFA90}.Release|x86.ActiveCfg = Release|Any CPU
		{D972184D-82D2-4F62-B202-CF5BA86AFA90}.Release|x86.Build.0 = Release|Any CPU
		{D972184D-82D2-4F62-B202-CF5BA86AFA90}.Release|x86.Deploy.0 = Release|Any CPU
	EndGlobalSection
	GlobalSection(SolutionProperties) = preSolution
		HideSolutionNode = FALSE
	EndGlobalSection
	GlobalSection(ExtensibilityGlobals) = postSolution
		SolutionGuid = {D1781448-A05D-4B98-A7AB-82BF28C60DA0}
	EndGlobalSection
EndGlobal
